
Microsoft Visual Studio Solution File, Format Version 12.00
# Visual Studio Version 16
VisualStudioVersion = 16.0.34031.81
MinimumVisualStudioVersion = 10.0.40219.1
Project("{2150E333-8FDC-42A3-9474-1A3956D46DE8}") = "Task0", "Task0", "{8B259F84-CF5C-4F1B-8720-A20E6491E287}"
EndProject
Project("{FAE04EC0-301F-11D3-BF4B-00C04F79EFBC}") = "Tyuiu.YuzhakovYM.Sprint1.Task0.V1", "Tyuiu.YuzhakovYM.Sprint1.Task0.V0\Tyuiu.YuzhakovYM.Sprint1.Task0.V1.csproj", "{6A2929B3-9171-40B3-903E-4BC67D09672D}"
EndProject
Project("{FAE04EC0-301F-11D3-BF4B-00C04F79EFBC}") = "Tyuiu.YuzhakovYM.Sprint1.Task0.V1.Lib", "Tyuiu.YuzhakovYM.Sprint1.Task0.V0.Lib\Tyuiu.YuzhakovYM.Sprint1.Task0.V1.Lib.csproj", "{830DB9EC-F86E-47BC-A62B-7969A453EE1E}"
EndProject
Project("{FAE04EC0-301F-11D3-BF4B-00C04F79EFBC}") = "Tyuiu.YuzhakovYM.Sprint1.Task0.V1.Test", "Tyuiu.YuzhakovYM.Sprint1.Task0.V0.Test\Tyuiu.YuzhakovYM.Sprint1.Task0.V1.Test.csproj", "{F5C49501-C3F2-47DB-996F-9A590F4DAD83}"
EndProject
Project("{2150E333-8FDC-42A3-9474-1A3956D46DE8}") = "Task1", "Task1", "{C8113BB4-B868-48BF-9180-013C85C21234}"
EndProject
Project("{FAE04EC0-301F-11D3-BF4B-00C04F79EFBC}") = "Tyuiu.YuzhakovYM.Sprint1.Task1.V11", "Tyuiu.YuzhakovYM.Sprint1.Task1.V11\Tyuiu.YuzhakovYM.Sprint1.Task1.V11.csproj", "{D5C65A29-C077-4B7B-85A7-25A3581FAAB4}"
EndProject
Project("{FAE04EC0-301F-11D3-BF4B-00C04F79EFBC}") = "Tyuiu.YuzhakovYM.Sprint1.Task1.V11.Lib", "Tyuiu.YuzhakovYM.Sprint1.Task1.V11.Lib\Tyuiu.YuzhakovYM.Sprint1.Task1.V11.Lib.csproj", "{F4B0D85F-EAC9-49A2-BEF7-88A6D4B12393}"
EndProject
Project("{FAE04EC0-301F-11D3-BF4B-00C04F79EFBC}") = "Tyuiu.YuzhakovYM.Sprint1.Task1.V11.Test", "Tyuiu.YuzhakovYM.Sprint1.Task1.V11.Test\Tyuiu.YuzhakovYM.Sprint1.Task1.V11.Test.csproj", "{9632602F-1630-4748-964A-D4F9664D03AA}"
EndProject
Project("{2150E333-8FDC-42A3-9474-1A3956D46DE8}") = "Task3", "Task3", "{B20B71DB-A49A-495F-B4D3-BABFB53F6695}"
EndProject
Project("{FAE04EC0-301F-11D3-BF4B-00C04F79EFBC}") = "Tyuiu.YuzhakovYM.Sprint1.Task3.V17", "Tyuiu.YuzhakovYM.Sprint1.Task3.V17\Tyuiu.YuzhakovYM.Sprint1.Task3.V17.csproj", "{8A868877-6B4D-495F-B3AD-1EDEC98591A8}"
EndProject
Project("{FAE04EC0-301F-11D3-BF4B-00C04F79EFBC}") = "Tyuiu.YuzhakovYM.Sprint1.Task3.V17.Lib", "Tyuiu.YuzhakovYM.Sprint1.Task3.V17.Lib\Tyuiu.YuzhakovYM.Sprint1.Task3.V17.Lib.csproj", "{9351CAE0-2BA3-4CAA-9364-A378CD2CCEF7}"
EndProject
Project("{FAE04EC0-301F-11D3-BF4B-00C04F79EFBC}") = "Tyuiu.YuzhakovYM.Sprint1.Task3.V17.Test", "Tyuiu.YuzhakovYM.Sprint1.Task3.V17.Test\Tyuiu.YuzhakovYM.Sprint1.Task3.V17.Test.csproj", "{BD48077E-E6E0-4562-B757-638805602BA0}"
EndProject
Project("{2150E333-8FDC-42A3-9474-1A3956D46DE8}") = "Task2", "Task2", "{62493D96-581E-4D07-866E-172DFA2862CC}"
EndProject
Project("{FAE04EC0-301F-11D3-BF4B-00C04F79EFBC}") = "Tyuiu.YuzhakovYM.Sprint1.Task2.V16", "Tyuiu.YuzhakovYM.Sprint1.Task2.V16\Tyuiu.YuzhakovYM.Sprint1.Task2.V16.csproj", "{39E7FD9A-C820-48F3-9F21-2AFA0A0E754C}"
EndProject
Project("{FAE04EC0-301F-11D3-BF4B-00C04F79EFBC}") = "Tyuiu.YuzhakovYM.Sprint1.Task2.V16.Lib", "Tyuiu.YuzhakovYM.Sprint1.Task2.V16.Lib\Tyuiu.YuzhakovYM.Sprint1.Task2.V16.Lib.csproj", "{6567C259-EBA2-44A2-9DD8-3D2E58CA0343}"
EndProject
Project("{FAE04EC0-301F-11D3-BF4B-00C04F79EFBC}") = "Tyuiu.YuzhakovYM.Sprint1.Task2.V16.Test", "Tyuiu.YuzhakovYM.Sprint1.Task2.V16.Test\Tyuiu.YuzhakovYM.Sprint1.Task2.V16.Test.csproj", "{AFBE3424-2F5B-471B-8001-A56420E403CF}"
EndProject
Project("{2150E333-8FDC-42A3-9474-1A3956D46DE8}") = "Task4", "Task4", "{E90B2B88-C0B9-4D66-811B-3CD644CC1660}"
EndProject
Project("{FAE04EC0-301F-11D3-BF4B-00C04F79EFBC}") = "Tyuiu.YuzhakovYM.Sprint1.Task4.V13", "Tyuiu.YuzhakovYM.Sprint1.Task4.V13\Tyuiu.YuzhakovYM.Sprint1.Task4.V13.csproj", "{6EA3C32F-6854-41F3-AF94-E8115CC89FFA}"
EndProject
Project("{FAE04EC0-301F-11D3-BF4B-00C04F79EFBC}") = "Tyuiu.YuzhakovYM.Sprint1.Task4.V13.Lib", "Tyuiu.YuzhakovYM.Sprint1.Task4.V13.Lib\Tyuiu.YuzhakovYM.Sprint1.Task4.V13.Lib.csproj", "{914852EF-4313-47B2-A90B-80AF658DE264}"
EndProject
Project("{FAE04EC0-301F-11D3-BF4B-00C04F79EFBC}") = "Tyuiu.YuzhakovYM.Sprint1.Task4.V13.Test", "Tyuiu.YuzhakovYM.Sprint1.Task4.V13.Test\Tyuiu.YuzhakovYM.Sprint1.Task4.V13.Test.csproj", "{0BCA708F-9FC0-4AC7-9612-4F742B9A46A1}"
EndProject
Project("{2150E333-8FDC-42A3-9474-1A3956D46DE8}") = "Task5", "Task5", "{8F4A6167-6132-4901-A457-68C8DDFA95BF}"
EndProject
Project("{FAE04EC0-301F-11D3-BF4B-00C04F79EFBC}") = "Tyuiu.YuzhakovYM.Sprint1.Task5.V1", "Tyuiu.YuzhakovYM.Sprint1.Task5.V1\Tyuiu.YuzhakovYM.Sprint1.Task5.V1.csproj", "{BA9957C4-7B28-4B39-8C64-89EF4A738CB8}"
EndProject
Project("{FAE04EC0-301F-11D3-BF4B-00C04F79EFBC}") = "Tyuiu.YuzhakovYM.Sprint1.Task5.V1.Lib", "Tyuiu.YuzhakovYM.Sprint1.Task5.V1.Lib\Tyuiu.YuzhakovYM.Sprint1.Task5.V1.Lib.csproj", "{19DF544C-4A4B-4AA2-BD7F-8BB4CB9701CF}"
EndProject
Project("{FAE04EC0-301F-11D3-BF4B-00C04F79EFBC}") = "Tyuiu.YuzhakovYM.Sprint1.Task5.V1.Test", "Tyuiu.YuzhakovYM.Sprint1.Task5.V1.Test\Tyuiu.YuzhakovYM.Sprint1.Task5.V1.Test.csproj", "{DC004A52-15EB-4EE2-B108-55A1013E14BB}"
EndProject
Project("{2150E333-8FDC-42A3-9474-1A3956D46DE8}") = "Task6", "Task6", "{D560AD0F-3120-4C33-9A73-A650AB3BFDF4}"
EndProject
Project("{FAE04EC0-301F-11D3-BF4B-00C04F79EFBC}") = "Tyuiu.YuzhakovYM.Sprint1.Task6.V1", "Tyuiu.YuzhakovYM.Sprint1.Task6.V1\Tyuiu.YuzhakovYM.Sprint1.Task6.V1.csproj", "{E601289C-D3B7-4A50-A647-E8B7726FE7BF}"
EndProject
Project("{FAE04EC0-301F-11D3-BF4B-00C04F79EFBC}") = "Tyuiu.YuzhakovYM.Sprint1.Task6.V1.Lib", "Tyuiu.YuzhakovYM.Sprint1.Task6.V1.Lib\Tyuiu.YuzhakovYM.Sprint1.Task6.V1.Lib.csproj", "{BC3C6491-A478-40BE-8EED-FB11369AFDD5}"
EndProject
Project("{FAE04EC0-301F-11D3-BF4B-00C04F79EFBC}") = "Tyuiu.YuzhakovYM.Sprint1.Task6.V1.Test", "Tyuiu.YuzhakovYM.Sprint1.Task6.V1.Test\Tyuiu.YuzhakovYM.Sprint1.Task6.V1.Test.csproj", "{67BA98C2-C4DA-4167-9270-711687FD2D55}"
EndProject
Global
	GlobalSection(SolutionConfigurationPlatforms) = preSolution
		Debug|Any CPU = Debug|Any CPU
		Release|Any CPU = Release|Any CPU
	EndGlobalSection
	GlobalSection(ProjectConfigurationPlatforms) = postSolution
		{6A2929B3-9171-40B3-903E-4BC67D09672D}.Debug|Any CPU.ActiveCfg = Debug|Any CPU
		{6A2929B3-9171-40B3-903E-4BC67D09672D}.Debug|Any CPU.Build.0 = Debug|Any CPU
		{6A2929B3-9171-40B3-903E-4BC67D09672D}.Release|Any CPU.ActiveCfg = Release|Any CPU
		{6A2929B3-9171-40B3-903E-4BC67D09672D}.Release|Any CPU.Build.0 = Release|Any CPU
		{830DB9EC-F86E-47BC-A62B-7969A453EE1E}.Debug|Any CPU.ActiveCfg = Debug|Any CPU
		{830DB9EC-F86E-47BC-A62B-7969A453EE1E}.Debug|Any CPU.Build.0 = Debug|Any CPU
		{830DB9EC-F86E-47BC-A62B-7969A453EE1E}.Release|Any CPU.ActiveCfg = Release|Any CPU
		{830DB9EC-F86E-47BC-A62B-7969A453EE1E}.Release|Any CPU.Build.0 = Release|Any CPU
		{F5C49501-C3F2-47DB-996F-9A590F4DAD83}.Debug|Any CPU.ActiveCfg = Debug|Any CPU
		{F5C49501-C3F2-47DB-996F-9A590F4DAD83}.Debug|Any CPU.Build.0 = Debug|Any CPU
		{F5C49501-C3F2-47DB-996F-9A590F4DAD83}.Release|Any CPU.ActiveCfg = Release|Any CPU
		{F5C49501-C3F2-47DB-996F-9A590F4DAD83}.Release|Any CPU.Build.0 = Release|Any CPU
		{D5C65A29-C077-4B7B-85A7-25A3581FAAB4}.Debug|Any CPU.ActiveCfg = Debug|Any CPU
		{D5C65A29-C077-4B7B-85A7-25A3581FAAB4}.Debug|Any CPU.Build.0 = Debug|Any CPU
		{D5C65A29-C077-4B7B-85A7-25A3581FAAB4}.Release|Any CPU.ActiveCfg = Release|Any CPU
		{D5C65A29-C077-4B7B-85A7-25A3581FAAB4}.Release|Any CPU.Build.0 = Release|Any CPU
		{F4B0D85F-EAC9-49A2-BEF7-88A6D4B12393}.Debug|Any CPU.ActiveCfg = Debug|Any CPU
		{F4B0D85F-EAC9-49A2-BEF7-88A6D4B12393}.Debug|Any CPU.Build.0 = Debug|Any CPU
		{F4B0D85F-EAC9-49A2-BEF7-88A6D4B12393}.Release|Any CPU.ActiveCfg = Release|Any CPU
		{F4B0D85F-EAC9-49A2-BEF7-88A6D4B12393}.Release|Any CPU.Build.0 = Release|Any CPU
		{9632602F-1630-4748-964A-D4F9664D03AA}.Debug|Any CPU.ActiveCfg = Debug|Any CPU
		{9632602F-1630-4748-964A-D4F9664D03AA}.Debug|Any CPU.Build.0 = Debug|Any CPU
		{9632602F-1630-4748-964A-D4F9664D03AA}.Release|Any CPU.ActiveCfg = Release|Any CPU
		{9632602F-1630-4748-964A-D4F9664D03AA}.Release|Any CPU.Build.0 = Release|Any CPU
		{8A868877-6B4D-495F-B3AD-1EDEC98591A8}.Debug|Any CPU.ActiveCfg = Debug|Any CPU
		{8A868877-6B4D-495F-B3AD-1EDEC98591A8}.Debug|Any CPU.Build.0 = Debug|Any CPU
		{8A868877-6B4D-495F-B3AD-1EDEC98591A8}.Release|Any CPU.ActiveCfg = Release|Any CPU
		{8A868877-6B4D-495F-B3AD-1EDEC98591A8}.Release|Any CPU.Build.0 = Release|Any CPU
		{9351CAE0-2BA3-4CAA-9364-A378CD2CCEF7}.Debug|Any CPU.ActiveCfg = Debug|Any CPU
		{9351CAE0-2BA3-4CAA-9364-A378CD2CCEF7}.Debug|Any CPU.Build.0 = Debug|Any CPU
		{9351CAE0-2BA3-4CAA-9364-A378CD2CCEF7}.Release|Any CPU.ActiveCfg = Release|Any CPU
		{9351CAE0-2BA3-4CAA-9364-A378CD2CCEF7}.Release|Any CPU.Build.0 = Release|Any CPU
		{BD48077E-E6E0-4562-B757-638805602BA0}.Debug|Any CPU.ActiveCfg = Debug|Any CPU
		{BD48077E-E6E0-4562-B757-638805602BA0}.Debug|Any CPU.Build.0 = Debug|Any CPU
		{BD48077E-E6E0-4562-B757-638805602BA0}.Release|Any CPU.ActiveCfg = Release|Any CPU
		{BD48077E-E6E0-4562-B757-638805602BA0}.Release|Any CPU.Build.0 = Release|Any CPU
		{39E7FD9A-C820-48F3-9F21-2AFA0A0E754C}.Debug|Any CPU.ActiveCfg = Debug|Any CPU
		{39E7FD9A-C820-48F3-9F21-2AFA0A0E754C}.Debug|Any CPU.Build.0 = Debug|Any CPU
		{39E7FD9A-C820-48F3-9F21-2AFA0A0E754C}.Release|Any CPU.ActiveCfg = Release|Any CPU
		{39E7FD9A-C820-48F3-9F21-2AFA0A0E754C}.Release|Any CPU.Build.0 = Release|Any CPU
		{6567C259-EBA2-44A2-9DD8-3D2E58CA0343}.Debug|Any CPU.ActiveCfg = Debug|Any CPU
		{6567C259-EBA2-44A2-9DD8-3D2E58CA0343}.Debug|Any CPU.Build.0 = Debug|Any CPU
		{6567C259-EBA2-44A2-9DD8-3D2E58CA0343}.Release|Any CPU.ActiveCfg = Release|Any CPU
		{6567C259-EBA2-44A2-9DD8-3D2E58CA0343}.Release|Any CPU.Build.0 = Release|Any CPU
		{AFBE3424-2F5B-471B-8001-A56420E403CF}.Debug|Any CPU.ActiveCfg = Debug|Any CPU
		{AFBE3424-2F5B-471B-8001-A56420E403CF}.Debug|Any CPU.Build.0 = Debug|Any CPU
		{AFBE3424-2F5B-471B-8001-A56420E403CF}.Release|Any CPU.ActiveCfg = Release|Any CPU
		{AFBE3424-2F5B-471B-8001-A56420E403CF}.Release|Any CPU.Build.0 = Release|Any CPU
		{6EA3C32F-6854-41F3-AF94-E8115CC89FFA}.Debug|Any CPU.ActiveCfg = Debug|Any CPU
		{6EA3C32F-6854-41F3-AF94-E8115CC89FFA}.Debug|Any CPU.Build.0 = Debug|Any CPU
		{6EA3C32F-6854-41F3-AF94-E8115CC89FFA}.Release|Any CPU.ActiveCfg = Release|Any CPU
		{6EA3C32F-6854-41F3-AF94-E8115CC89FFA}.Release|Any CPU.Build.0 = Release|Any CPU
		{914852EF-4313-47B2-A90B-80AF658DE264}.Debug|Any CPU.ActiveCfg = Debug|Any CPU
		{914852EF-4313-47B2-A90B-80AF658DE264}.Debug|Any CPU.Build.0 = Debug|Any CPU
		{914852EF-4313-47B2-A90B-80AF658DE264}.Release|Any CPU.ActiveCfg = Release|Any CPU
		{914852EF-4313-47B2-A90B-80AF658DE264}.Release|Any CPU.Build.0 = Release|Any CPU
		{0BCA708F-9FC0-4AC7-9612-4F742B9A46A1}.Debug|Any CPU.ActiveCfg = Debug|Any CPU
		{0BCA708F-9FC0-4AC7-9612-4F742B9A46A1}.Debug|Any CPU.Build.0 = Debug|Any CPU
		{0BCA708F-9FC0-4AC7-9612-4F742B9A46A1}.Release|Any CPU.ActiveCfg = Release|Any CPU
		{0BCA708F-9FC0-4AC7-9612-4F742B9A46A1}.Release|Any CPU.Build.0 = Release|Any CPU
		{BA9957C4-7B28-4B39-8C64-89EF4A738CB8}.Debug|Any CPU.ActiveCfg = Debug|Any CPU
		{BA9957C4-7B28-4B39-8C64-89EF4A738CB8}.Debug|Any CPU.Build.0 = Debug|Any CPU
		{BA9957C4-7B28-4B39-8C64-89EF4A738CB8}.Release|Any CPU.ActiveCfg = Release|Any CPU
		{BA9957C4-7B28-4B39-8C64-89EF4A738CB8}.Release|Any CPU.Build.0 = Release|Any CPU
		{19DF544C-4A4B-4AA2-BD7F-8BB4CB9701CF}.Debug|Any CPU.ActiveCfg = Debug|Any CPU
		{19DF544C-4A4B-4AA2-BD7F-8BB4CB9701CF}.Debug|Any CPU.Build.0 = Debug|Any CPU
		{19DF544C-4A4B-4AA2-BD7F-8BB4CB9701CF}.Release|Any CPU.ActiveCfg = Release|Any CPU
		{19DF544C-4A4B-4AA2-BD7F-8BB4CB9701CF}.Release|Any CPU.Build.0 = Release|Any CPU
		{DC004A52-15EB-4EE2-B108-55A1013E14BB}.Debug|Any CPU.ActiveCfg = Debug|Any CPU
		{DC004A52-15EB-4EE2-B108-55A1013E14BB}.Debug|Any CPU.Build.0 = Debug|Any CPU
		{DC004A52-15EB-4EE2-B108-55A1013E14BB}.Release|Any CPU.ActiveCfg = Release|Any CPU
		{DC004A52-15EB-4EE2-B108-55A1013E14BB}.Release|Any CPU.Build.0 = Release|Any CPU
		{E601289C-D3B7-4A50-A647-E8B7726FE7BF}.Debug|Any CPU.ActiveCfg = Debug|Any CPU
		{E601289C-D3B7-4A50-A647-E8B7726FE7BF}.Debug|Any CPU.Build.0 = Debug|Any CPU
		{E601289C-D3B7-4A50-A647-E8B7726FE7BF}.Release|Any CPU.ActiveCfg = Release|Any CPU
		{E601289C-D3B7-4A50-A647-E8B7726FE7BF}.Release|Any CPU.Build.0 = Release|Any CPU
		{BC3C6491-A478-40BE-8EED-FB11369AFDD5}.Debug|Any CPU.ActiveCfg = Debug|Any CPU
		{BC3C6491-A478-40BE-8EED-FB11369AFDD5}.Debug|Any CPU.Build.0 = Debug|Any CPU
		{BC3C6491-A478-40BE-8EED-FB11369AFDD5}.Release|Any CPU.ActiveCfg = Release|Any CPU
		{BC3C6491-A478-40BE-8EED-FB11369AFDD5}.Release|Any CPU.Build.0 = Release|Any CPU
		{67BA98C2-C4DA-4167-9270-711687FD2D55}.Debug|Any CPU.ActiveCfg = Debug|Any CPU
		{67BA98C2-C4DA-4167-9270-711687FD2D55}.Debug|Any CPU.Build.0 = Debug|Any CPU
		{67BA98C2-C4DA-4167-9270-711687FD2D55}.Release|Any CPU.ActiveCfg = Release|Any CPU
		{67BA98C2-C4DA-4167-9270-711687FD2D55}.Release|Any CPU.Build.0 = Release|Any CPU
	EndGlobalSection
	GlobalSection(SolutionProperties) = preSolution
		HideSolutionNode = FALSE
	EndGlobalSection
	GlobalSection(NestedProjects) = preSolution
		{6A2929B3-9171-40B3-903E-4BC67D09672D} = {8B259F84-CF5C-4F1B-8720-A20E6491E287}
		{830DB9EC-F86E-47BC-A62B-7969A453EE1E} = {8B259F84-CF5C-4F1B-8720-A20E6491E287}
		{F5C49501-C3F2-47DB-996F-9A590F4DAD83} = {8B259F84-CF5C-4F1B-8720-A20E6491E287}
		{D5C65A29-C077-4B7B-85A7-25A3581FAAB4} = {C8113BB4-B868-48BF-9180-013C85C21234}
		{F4B0D85F-EAC9-49A2-BEF7-88A6D4B12393} = {C8113BB4-B868-48BF-9180-013C85C21234}
		{9632602F-1630-4748-964A-D4F9664D03AA} = {C8113BB4-B868-48BF-9180-013C85C21234}
		{8A868877-6B4D-495F-B3AD-1EDEC98591A8} = {B20B71DB-A49A-495F-B4D3-BABFB53F6695}
		{9351CAE0-2BA3-4CAA-9364-A378CD2CCEF7} = {B20B71DB-A49A-495F-B4D3-BABFB53F6695}
		{BD48077E-E6E0-4562-B757-638805602BA0} = {B20B71DB-A49A-495F-B4D3-BABFB53F6695}
		{39E7FD9A-C820-48F3-9F21-2AFA0A0E754C} = {62493D96-581E-4D07-866E-172DFA2862CC}
		{6567C259-EBA2-44A2-9DD8-3D2E58CA0343} = {62493D96-581E-4D07-866E-172DFA2862CC}
		{AFBE3424-2F5B-471B-8001-A56420E403CF} = {62493D96-581E-4D07-866E-172DFA2862CC}
		{6EA3C32F-6854-41F3-AF94-E8115CC89FFA} = {E90B2B88-C0B9-4D66-811B-3CD644CC1660}
		{914852EF-4313-47B2-A90B-80AF658DE264} = {E90B2B88-C0B9-4D66-811B-3CD644CC1660}
		{0BCA708F-9FC0-4AC7-9612-4F742B9A46A1} = {E90B2B88-C0B9-4D66-811B-3CD644CC1660}
		{BA9957C4-7B28-4B39-8C64-89EF4A738CB8} = {8F4A6167-6132-4901-A457-68C8DDFA95BF}
		{19DF544C-4A4B-4AA2-BD7F-8BB4CB9701CF} = {8F4A6167-6132-4901-A457-68C8DDFA95BF}
		{DC004A52-15EB-4EE2-B108-55A1013E14BB} = {8F4A6167-6132-4901-A457-68C8DDFA95BF}
		{E601289C-D3B7-4A50-A647-E8B7726FE7BF} = {D560AD0F-3120-4C33-9A73-A650AB3BFDF4}
		{BC3C6491-A478-40BE-8EED-FB11369AFDD5} = {D560AD0F-3120-4C33-9A73-A650AB3BFDF4}
		{67BA98C2-C4DA-4167-9270-711687FD2D55} = {D560AD0F-3120-4C33-9A73-A650AB3BFDF4}
	EndGlobalSection
	GlobalSection(ExtensibilityGlobals) = postSolution
		SolutionGuid = {CD258227-0289-4CFA-A9E2-D1D463CB138E}
	EndGlobalSection
EndGlobal
