
Microsoft Visual Studio Solution File, Format Version 12.00
# Visual Studio Version 16
VisualStudioVersion = 16.0.34031.81
MinimumVisualStudioVersion = 10.0.40219.1
Project("{2150E333-8FDC-42A3-9474-1A3956D46DE8}") = "Task0", "Task0", "{8B259F84-CF5C-4F1B-8720-A20E6491E287}"
EndProject
Project("{FAE04EC0-301F-11D3-BF4B-00C04F79EFBC}") = "Tyuiu.YuzhakovYM.Sprint1.Task0.V1", "Tyuiu.YuzhakovYM.Sprint1.Task0.V0\Tyuiu.YuzhakovYM.Sprint1.Task0.V1.csproj", "{6A2929B3-9171-40B3-903E-4BC67D09672D}"
EndProject
Project("{FAE04EC0-301F-11D3-BF4B-00C04F79EFBC}") = "Tyuiu.YuzhakovYM.Sprint1.Task0.V1.Lib", "Tyuiu.YuzhakovYM.Sprint1.Task0.V0.Lib\Tyuiu.YuzhakovYM.Sprint1.Task0.V1.Lib.csproj", "{830DB9EC-F86E-47BC-A62B-7969A453EE1E}"
EndProject
Project("{FAE04EC0-301F-11D3-BF4B-00C04F79EFBC}") = "Tyuiu.YuzhakovYM.Sprint1.Task0.V1.Test", "Tyuiu.YuzhakovYM.Sprint1.Task0.V0.Test\Tyuiu.YuzhakovYM.Sprint1.Task0.V1.Test.csproj", "{F5C49501-C3F2-47DB-996F-9A590F4DAD83}"
EndProject
Project("{2150E333-8FDC-42A3-9474-1A3956D46DE8}") = "Task1", "Task1", "{C8113BB4-B868-48BF-9180-013C85C21234}"
EndProject
Project("{FAE04EC0-301F-11D3-BF4B-00C04F79EFBC}") = "Tyuiu.YuzhakovYM.Sprint1.Task1.V11", "Tyuiu.YuzhakovYM.Sprint1.Task1.V11\Tyuiu.YuzhakovYM.Sprint1.Task1.V11.csproj", "{D5C65A29-C077-4B7B-85A7-25A3581FAAB4}"
EndProject
Project("{FAE04EC0-301F-11D3-BF4B-00C04F79EFBC}") = "Tyuiu.YuzhakovYM.Sprint1.Task1.V11.Lib", "Tyuiu.YuzhakovYM.Sprint1.Task1.V11.Lib\Tyuiu.YuzhakovYM.Sprint1.Task1.V11.Lib.csproj", "{F4B0D85F-EAC9-49A2-BEF7-88A6D4B12393}"
EndProject
Project("{FAE04EC0-301F-11D3-BF4B-00C04F79EFBC}") = "Tyuiu.YuzhakovYM.Sprint1.Task1.V11.Test", "Tyuiu.YuzhakovYM.Sprint1.Task1.V11.Test\Tyuiu.YuzhakovYM.Sprint1.Task1.V11.Test.csproj", "{9632602F-1630-4748-964A-D4F9664D03AA}"
EndProject
Global
	GlobalSection(SolutionConfigurationPlatforms) = preSolution
		Debug|Any CPU = Debug|Any CPU
		Release|Any CPU = Release|Any CPU
	EndGlobalSection
	GlobalSection(ProjectConfigurationPlatforms) = postSolution
		{6A2929B3-9171-40B3-903E-4BC67D09672D}.Debug|Any CPU.ActiveCfg = Debug|Any CPU
		{6A2929B3-9171-40B3-903E-4BC67D09672D}.Debug|Any CPU.Build.0 = Debug|Any CPU
		{6A2929B3-9171-40B3-903E-4BC67D09672D}.Release|Any CPU.ActiveCfg = Release|Any CPU
		{6A2929B3-9171-40B3-903E-4BC67D09672D}.Release|Any CPU.Build.0 = Release|Any CPU
		{830DB9EC-F86E-47BC-A62B-7969A453EE1E}.Debug|Any CPU.ActiveCfg = Debug|Any CPU
		{830DB9EC-F86E-47BC-A62B-7969A453EE1E}.Debug|Any CPU.Build.0 = Debug|Any CPU
		{830DB9EC-F86E-47BC-A62B-7969A453EE1E}.Release|Any CPU.ActiveCfg = Release|Any CPU
		{830DB9EC-F86E-47BC-A62B-7969A453EE1E}.Release|Any CPU.Build.0 = Release|Any CPU
		{F5C49501-C3F2-47DB-996F-9A590F4DAD83}.Debug|Any CPU.ActiveCfg = Debug|Any CPU
		{F5C49501-C3F2-47DB-996F-9A590F4DAD83}.Debug|Any CPU.Build.0 = Debug|Any CPU
		{F5C49501-C3F2-47DB-996F-9A590F4DAD83}.Release|Any CPU.ActiveCfg = Release|Any CPU
		{F5C49501-C3F2-47DB-996F-9A590F4DAD83}.Release|Any CPU.Build.0 = Release|Any CPU
		{D5C65A29-C077-4B7B-85A7-25A3581FAAB4}.Debug|Any CPU.ActiveCfg = Debug|Any CPU
		{D5C65A29-C077-4B7B-85A7-25A3581FAAB4}.Debug|Any CPU.Build.0 = Debug|Any CPU
		{D5C65A29-C077-4B7B-85A7-25A3581FAAB4}.Release|Any CPU.ActiveCfg = Release|Any CPU
		{D5C65A29-C077-4B7B-85A7-25A3581FAAB4}.Release|Any CPU.Build.0 = Release|Any CPU
		{F4B0D85F-EAC9-49A2-BEF7-88A6D4B12393}.Debug|Any CPU.ActiveCfg = Debug|Any CPU
		{F4B0D85F-EAC9-49A2-BEF7-88A6D4B12393}.Debug|Any CPU.Build.0 = Debug|Any CPU
		{F4B0D85F-EAC9-49A2-BEF7-88A6D4B12393}.Release|Any CPU.ActiveCfg = Release|Any CPU
		{F4B0D85F-EAC9-49A2-BEF7-88A6D4B12393}.Release|Any CPU.Build.0 = Release|Any CPU
		{9632602F-1630-4748-964A-D4F9664D03AA}.Debug|Any CPU.ActiveCfg = Debug|Any CPU
		{9632602F-1630-4748-964A-D4F9664D03AA}.Debug|Any CPU.Build.0 = Debug|Any CPU
		{9632602F-1630-4748-964A-D4F9664D03AA}.Release|Any CPU.ActiveCfg = Release|Any CPU
		{9632602F-1630-4748-964A-D4F9664D03AA}.Release|Any CPU.Build.0 = Release|Any CPU
	EndGlobalSection
	GlobalSection(SolutionProperties) = preSolution
		HideSolutionNode = FALSE
	EndGlobalSection
	GlobalSection(NestedProjects) = preSolution
		{6A2929B3-9171-40B3-903E-4BC67D09672D} = {8B259F84-CF5C-4F1B-8720-A20E6491E287}
		{830DB9EC-F86E-47BC-A62B-7969A453EE1E} = {8B259F84-CF5C-4F1B-8720-A20E6491E287}
		{F5C49501-C3F2-47DB-996F-9A590F4DAD83} = {8B259F84-CF5C-4F1B-8720-A20E6491E287}
		{D5C65A29-C077-4B7B-85A7-25A3581FAAB4} = {C8113BB4-B868-48BF-9180-013C85C21234}
		{F4B0D85F-EAC9-49A2-BEF7-88A6D4B12393} = {C8113BB4-B868-48BF-9180-013C85C21234}
		{9632602F-1630-4748-964A-D4F9664D03AA} = {C8113BB4-B868-48BF-9180-013C85C21234}
	EndGlobalSection
	GlobalSection(ExtensibilityGlobals) = postSolution
		SolutionGuid = {CD258227-0289-4CFA-A9E2-D1D463CB138E}
	EndGlobalSection
EndGlobal
